
Microsoft Visual Studio Solution File, Format Version 12.00
# Visual Studio Version 17
VisualStudioVersion = 17.0.32002.185
MinimumVisualStudioVersion = 10.0.40219.1
Project("{FAE04EC0-301F-11D3-BF4B-00C04F79EFBC}") = "ProductionManager_EndProject", "ProductionManager_EndProject\ProductionManager_EndProject.csproj", "{B075617B-5040-4F59-BCE1-A9DABF877C2C}"
EndProject
Global
	GlobalSection(SolutionConfigurationPlatforms) = preSolution
		Debug|Any CPU = Debug|Any CPU
		Release|Any CPU = Release|Any CPU
	EndGlobalSection
	GlobalSection(ProjectConfigurationPlatforms) = postSolution
		{B075617B-5040-4F59-BCE1-A9DABF877C2C}.Debug|Any CPU.ActiveCfg = Debug|Any CPU
		{B075617B-5040-4F59-BCE1-A9DABF877C2C}.Debug|Any CPU.Build.0 = Debug|Any CPU
		{B075617B-5040-4F59-BCE1-A9DABF877C2C}.Release|Any CPU.ActiveCfg = Release|Any CPU
		{B075617B-5040-4F59-BCE1-A9DABF877C2C}.Release|Any CPU.Build.0 = Release|Any CPU
	EndGlobalSection
	GlobalSection(SolutionProperties) = preSolution
		HideSolutionNode = FALSE
	EndGlobalSection
	GlobalSection(ExtensibilityGlobals) = postSolution
		SolutionGuid = {8A1E285D-654C-4F65-9F3A-C34024E9436D}
	EndGlobalSection
EndGlobal
